{
  "requires": true,
  "lockfileVersion": 1,
  "dependencies": {
    "react-scroll-to-top": {
      "version": "1.0.5",
      "resolved": "https://registry.npmjs.org/react-scroll-to-top/-/react-scroll-to-top-1.0.5.tgz",
      "integrity": "sha512-e7n5LJXpUG9/gnHMHqrGY2UBebpqVaPpAnF4kLuR/e+SRtAGr+4UStvGsCiv6XBOC+dRyTe7ZbjdV9FaPdgUfg=="
    }
  }
}
